
Microsoft Visual Studio Solution File, Format Version 12.00
# Visual Studio Version 17
VisualStudioVersion = 17.5.33424.131
MinimumVisualStudioVersion = 10.0.40219.1
Project("{9A19103F-16F7-4668-BE54-9A1E7A4F7556}") = "QuanLyBanHang", "QuanLyBanHang\QuanLyBanHang.csproj", "{62661267-4FBB-4B39-87B8-07B8B71BDC34}"
EndProject
Project("{FAE04EC0-301F-11D3-BF4B-00C04F79EFBC}") = "QuanLyBanHang.Entity", "QuanLyBanHang.Entity\QuanLyBanHang.Entity.csproj", "{1EBA1A2F-672F-429D-AE34-0C323C261B4F}"
EndProject
Project("{FAE04EC0-301F-11D3-BF4B-00C04F79EFBC}") = "QuanLyBanHang.DataAccess", "QuanLyBanHang.DataAccess\QuanLyBanHang.DataAccess.csproj", "{FC50B1B1-E45E-4A48-947B-5072DE03CD34}"
EndProject
Project("{FAE04EC0-301F-11D3-BF4B-00C04F79EFBC}") = "QuanLyBanHang.Service", "QuanLyBanHang.Service\QuanLyBanHang.Service.csproj", "{CB7E8A18-6D4D-401D-910F-0C96F1A24B09}"
EndProject
Global
	GlobalSection(SolutionConfigurationPlatforms) = preSolution
		Debug|Any CPU = Debug|Any CPU
		Release|Any CPU = Release|Any CPU
	EndGlobalSection
	GlobalSection(ProjectConfigurationPlatforms) = postSolution
		{62661267-4FBB-4B39-87B8-07B8B71BDC34}.Debug|Any CPU.ActiveCfg = Debug|Any CPU
		{62661267-4FBB-4B39-87B8-07B8B71BDC34}.Debug|Any CPU.Build.0 = Debug|Any CPU
		{62661267-4FBB-4B39-87B8-07B8B71BDC34}.Release|Any CPU.ActiveCfg = Release|Any CPU
		{62661267-4FBB-4B39-87B8-07B8B71BDC34}.Release|Any CPU.Build.0 = Release|Any CPU
		{1EBA1A2F-672F-429D-AE34-0C323C261B4F}.Debug|Any CPU.ActiveCfg = Debug|Any CPU
		{1EBA1A2F-672F-429D-AE34-0C323C261B4F}.Debug|Any CPU.Build.0 = Debug|Any CPU
		{1EBA1A2F-672F-429D-AE34-0C323C261B4F}.Release|Any CPU.ActiveCfg = Release|Any CPU
		{1EBA1A2F-672F-429D-AE34-0C323C261B4F}.Release|Any CPU.Build.0 = Release|Any CPU
		{FC50B1B1-E45E-4A48-947B-5072DE03CD34}.Debug|Any CPU.ActiveCfg = Debug|Any CPU
		{FC50B1B1-E45E-4A48-947B-5072DE03CD34}.Debug|Any CPU.Build.0 = Debug|Any CPU
		{FC50B1B1-E45E-4A48-947B-5072DE03CD34}.Release|Any CPU.ActiveCfg = Release|Any CPU
		{FC50B1B1-E45E-4A48-947B-5072DE03CD34}.Release|Any CPU.Build.0 = Release|Any CPU
		{CB7E8A18-6D4D-401D-910F-0C96F1A24B09}.Debug|Any CPU.ActiveCfg = Debug|Any CPU
		{CB7E8A18-6D4D-401D-910F-0C96F1A24B09}.Debug|Any CPU.Build.0 = Debug|Any CPU
		{CB7E8A18-6D4D-401D-910F-0C96F1A24B09}.Release|Any CPU.ActiveCfg = Release|Any CPU
		{CB7E8A18-6D4D-401D-910F-0C96F1A24B09}.Release|Any CPU.Build.0 = Release|Any CPU
	EndGlobalSection
	GlobalSection(SolutionProperties) = preSolution
		HideSolutionNode = FALSE
	EndGlobalSection
	GlobalSection(ExtensibilityGlobals) = postSolution
		SolutionGuid = {CE346245-C0F0-4A44-98DC-261AACCA1930}
	EndGlobalSection
EndGlobal
